// !$*UTF8*$!
{
	archiveVersion = 1;
	classes = {
	};
	objectVersion = 77;
	objects = {

/* Begin PBXBuildFile section */
		343DF4BA2FB300000080BE6F /* main.swift in Sources */ = {isa = PBXBuildFile; fileRef = 343DF4BF2FB300000080BE6F /* main.swift */; };
		343DF4BB2FB300000080BE6F /* HisleCore in Frameworks */ = {isa = PBXBuildFile; productRef = 343DF4B92FB200000080BE6F /* HisleCore */; };
		343DF4BC2FB300000080BE6F /* hisle in Copy CLI */ = {isa = PBXBuildFile; fileRef = 343DF4C02FB300000080BE6F /* hisle */; settings = {ATTRIBUTES = (CodeSignOnCopy, ); }; };
		343DF4B72FB200000080BE6F /* HisleCore in Frameworks */ = {isa = PBXBuildFile; productRef = 343DF4B92FB200000080BE6F /* HisleCore */; };
		343DF4B32FB100000080BE6F /* InputMethodKit.framework in Frameworks */ = {isa = PBXBuildFile; fileRef = 343DF4B42FB100000080BE6F /* InputMethodKit.framework */; };
/* End PBXBuildFile section */

/* Begin PBXContainerItemProxy section */
		343DF4BD2FB300000080BE6F /* PBXContainerItemProxy */ = {
			isa = PBXContainerItemProxy;
			containerPortal = 343DF49A2FB068A60080BE6F /* Project object */;
			proxyType = 1;
			remoteGlobalIDString = 343DF4C42FB300000080BE6F;
			remoteInfo = "hisle-cli";
		};
/* End PBXContainerItemProxy section */

/* Begin PBXCopyFilesBuildPhase section */
		343DF4BE2FB300000080BE6F /* Copy CLI */ = {
			isa = PBXCopyFilesBuildPhase;
			buildActionMask = 2147483647;
			dstPath = Contents/Helpers;
			dstSubfolderSpec = 1;
			files = (
				343DF4BC2FB300000080BE6F /* hisle in Copy CLI */,
			);
			name = "Copy CLI";
			runOnlyForDeploymentPostprocessing = 0;
		};
/* End PBXCopyFilesBuildPhase section */

/* Begin PBXFileReference section */
		343DF4A22FB068A60080BE6F /* hisle.app */ = {isa = PBXFileReference; explicitFileType = wrapper.application; includeInIndex = 0; path = hisle.app; sourceTree = BUILT_PRODUCTS_DIR; };
		343DF4BF2FB300000080BE6F /* main.swift */ = {isa = PBXFileReference; lastKnownFileType = sourcecode.swift; path = main.swift; sourceTree = "<group>"; };
		343DF4C02FB300000080BE6F /* hisle */ = {isa = PBXFileReference; explicitFileType = "compiled.mach-o.executable"; includeInIndex = 0; path = hisle; sourceTree = BUILT_PRODUCTS_DIR; };
		343DF4B42FB100000080BE6F /* InputMethodKit.framework */ = {isa = PBXFileReference; lastKnownFileType = wrapper.framework; name = InputMethodKit.framework; path = System/Library/Frameworks/InputMethodKit.framework; sourceTree = SDKROOT; };
		343DF4D02FB400000080BE6F /* HisleVersion.xcconfig */ = {isa = PBXFileReference; lastKnownFileType = text.xcconfig; path = hisle/Config/HisleVersion.xcconfig; sourceTree = "<group>"; };
/* End PBXFileReference section */

/* Begin PBXFileSystemSynchronizedBuildFileExceptionSet section */
		343DF4B62FB100010080BE6F /* PBXFileSystemSynchronizedBuildFileExceptionSet */ = {
			isa = PBXFileSystemSynchronizedBuildFileExceptionSet;
			membershipExceptions = (
				Info.plist,
			);
			target = 343DF4A12FB068A60080BE6F /* hisle */;
		};
/* End PBXFileSystemSynchronizedBuildFileExceptionSet section */

/* Begin PBXFileSystemSynchronizedRootGroup section */
		343DF4A42FB068A60080BE6F /* hisle */ = {
			isa = PBXFileSystemSynchronizedRootGroup;
			exceptions = (
				343DF4B62FB100010080BE6F /* PBXFileSystemSynchronizedBuildFileExceptionSet */,
			);
			explicitFileTypes = {
			};
			explicitFolders = (
			);
			path = hisle;
			sourceTree = "<group>";
		};
/* End PBXFileSystemSynchronizedRootGroup section */

/* Begin PBXFrameworksBuildPhase section */
		343DF49F2FB068A60080BE6F /* Frameworks */ = {
			isa = PBXFrameworksBuildPhase;
			buildActionMask = 2147483647;
			files = (
				343DF4B72FB200000080BE6F /* HisleCore in Frameworks */,
				343DF4B32FB100000080BE6F /* InputMethodKit.framework in Frameworks */,
			);
			runOnlyForDeploymentPostprocessing = 0;
		};
		343DF4C22FB300000080BE6F /* Frameworks */ = {
			isa = PBXFrameworksBuildPhase;
			buildActionMask = 2147483647;
			files = (
				343DF4BB2FB300000080BE6F /* HisleCore in Frameworks */,
			);
			runOnlyForDeploymentPostprocessing = 0;
		};
/* End PBXFrameworksBuildPhase section */

/* Begin PBXGroup section */
		343DF4992FB068A60080BE6F = {
			isa = PBXGroup;
			children = (
				343DF4A42FB068A60080BE6F /* hisle */,
				343DF4C12FB300000080BE6F /* hisle-cli */,
				343DF4B52FB100000080BE6F /* Frameworks */,
				343DF4A32FB068A60080BE6F /* Products */,
			);
			sourceTree = "<group>";
		};
		343DF4C12FB300000080BE6F /* hisle-cli */ = {
			isa = PBXGroup;
			children = (
				343DF4BF2FB300000080BE6F /* main.swift */,
			);
			path = "hisle-cli";
			sourceTree = "<group>";
		};
		343DF4B52FB100000080BE6F /* Frameworks */ = {
			isa = PBXGroup;
			children = (
				343DF4B42FB100000080BE6F /* InputMethodKit.framework */,
			);
			name = Frameworks;
			sourceTree = "<group>";
		};
		343DF4A32FB068A60080BE6F /* Products */ = {
			isa = PBXGroup;
			children = (
				343DF4A22FB068A60080BE6F /* hisle.app */,
				343DF4C02FB300000080BE6F /* hisle */,
			);
			name = Products;
			sourceTree = "<group>";
		};
/* End PBXGroup section */

/* Begin PBXNativeTarget section */
		343DF4A12FB068A60080BE6F /* hisle */ = {
			isa = PBXNativeTarget;
			buildConfigurationList = 343DF4B02FB068A70080BE6F /* Build configuration list for PBXNativeTarget "hisle" */;
			buildPhases = (
				343DF49E2FB068A60080BE6F /* Sources */,
				343DF49F2FB068A60080BE6F /* Frameworks */,
				343DF4A02FB068A60080BE6F /* Resources */,
				343DF4BE2FB300000080BE6F /* Copy CLI */,
			);
			buildRules = (
			);
			dependencies = (
				343DF4C52FB300000080BE6F /* PBXTargetDependency */,
			);
			fileSystemSynchronizedGroups = (
				343DF4A42FB068A60080BE6F /* hisle */,
			);
			name = hisle;
			packageProductDependencies = (
				343DF4B92FB200000080BE6F /* HisleCore */,
			);
			productName = hisle;
			productReference = 343DF4A22FB068A60080BE6F /* hisle.app */;
			productType = "com.apple.product-type.application";
		};
		343DF4C42FB300000080BE6F /* hisle-cli */ = {
			isa = PBXNativeTarget;
			buildConfigurationList = 343DF4C82FB300000080BE6F /* Build configuration list for PBXNativeTarget "hisle-cli" */;
			buildPhases = (
				343DF4C32FB300000080BE6F /* Sources */,
				343DF4C22FB300000080BE6F /* Frameworks */,
			);
			buildRules = (
			);
			dependencies = (
			);
			name = "hisle-cli";
			packageProductDependencies = (
				343DF4B92FB200000080BE6F /* HisleCore */,
			);
			productName = hisle;
			productReference = 343DF4C02FB300000080BE6F /* hisle */;
			productType = "com.apple.product-type.tool";
		};
/* End PBXNativeTarget section */

/* Begin PBXProject section */
		343DF49A2FB068A60080BE6F /* Project object */ = {
			isa = PBXProject;
			attributes = {
				BuildIndependentTargetsInParallel = 1;
				LastSwiftUpdateCheck = 2640;
				LastUpgradeCheck = 2640;
				TargetAttributes = {
					343DF4A12FB068A60080BE6F = {
						CreatedOnToolsVersion = 26.4.1;
					};
					343DF4C42FB300000080BE6F = {
						CreatedOnToolsVersion = 26.4.1;
					};
				};
			};
			buildConfigurationList = 343DF49D2FB068A60080BE6F /* Build configuration list for PBXProject "hisle" */;
			developmentRegion = en;
			hasScannedForEncodings = 0;
			knownRegions = (
				en,
				ko,
				Base,
			);
			mainGroup = 343DF4992FB068A60080BE6F;
			minimizedProjectReferenceProxies = 1;
			packageReferences = (
				343DF4B82FB200000080BE6F /* XCLocalSwiftPackageReference "hisle-core" */,
			);
			preferredProjectObjectVersion = 77;
			productRefGroup = 343DF4A32FB068A60080BE6F /* Products */;
			projectDirPath = "";
			projectRoot = "";
			targets = (
				343DF4A12FB068A60080BE6F /* hisle */,
				343DF4C42FB300000080BE6F /* hisle-cli */,
			);
		};
/* End PBXProject section */

/* Begin PBXResourcesBuildPhase section */
		343DF4A02FB068A60080BE6F /* Resources */ = {
			isa = PBXResourcesBuildPhase;
			buildActionMask = 2147483647;
			files = (
			);
			runOnlyForDeploymentPostprocessing = 0;
		};
/* End PBXResourcesBuildPhase section */

/* Begin PBXSourcesBuildPhase section */
		343DF49E2FB068A60080BE6F /* Sources */ = {
			isa = PBXSourcesBuildPhase;
			buildActionMask = 2147483647;
			files = (
			);
			runOnlyForDeploymentPostprocessing = 0;
		};
		343DF4C32FB300000080BE6F /* Sources */ = {
			isa = PBXSourcesBuildPhase;
			buildActionMask = 2147483647;
			files = (
				343DF4BA2FB300000080BE6F /* main.swift in Sources */,
			);
			runOnlyForDeploymentPostprocessing = 0;
		};
/* End PBXSourcesBuildPhase section */

/* Begin PBXTargetDependency section */
		343DF4C52FB300000080BE6F /* PBXTargetDependency */ = {
			isa = PBXTargetDependency;
			target = 343DF4C42FB300000080BE6F /* hisle-cli */;
			targetProxy = 343DF4BD2FB300000080BE6F /* PBXContainerItemProxy */;
		};
/* End PBXTargetDependency section */

/* Begin XCBuildConfiguration section */
		343DF4AE2FB068A70080BE6F /* Debug */ = {
			isa = XCBuildConfiguration;
			buildSettings = {
				ALWAYS_SEARCH_USER_PATHS = NO;
				ASSETCATALOG_COMPILER_GENERATE_SWIFT_ASSET_SYMBOL_EXTENSIONS = YES;
				CLANG_ANALYZER_NONNULL = YES;
				CLANG_ANALYZER_NUMBER_OBJECT_CONVERSION = YES_AGGRESSIVE;
				CLANG_CXX_LANGUAGE_STANDARD = "gnu++20";
				CLANG_ENABLE_MODULES = YES;
				CLANG_ENABLE_OBJC_ARC = YES;
				CLANG_ENABLE_OBJC_WEAK = YES;
				CLANG_WARN_BLOCK_CAPTURE_AUTORELEASING = YES;
				CLANG_WARN_BOOL_CONVERSION = YES;
				CLANG_WARN_COMMA = YES;
				CLANG_WARN_CONSTANT_CONVERSION = YES;
				CLANG_WARN_DEPRECATED_OBJC_IMPLEMENTATIONS = YES;
				CLANG_WARN_DIRECT_OBJC_ISA_USAGE = YES_ERROR;
				CLANG_WARN_DOCUMENTATION_COMMENTS = YES;
				CLANG_WARN_EMPTY_BODY = YES;
				CLANG_WARN_ENUM_CONVERSION = YES;
				CLANG_WARN_INFINITE_RECURSION = YES;
				CLANG_WARN_INT_CONVERSION = YES;
				CLANG_WARN_NON_LITERAL_NULL_CONVERSION = YES;
				CLANG_WARN_OBJC_IMPLICIT_RETAIN_SELF = YES;
				CLANG_WARN_OBJC_LITERAL_CONVERSION = YES;
				CLANG_WARN_OBJC_ROOT_CLASS = YES_ERROR;
				CLANG_WARN_QUOTED_INCLUDE_IN_FRAMEWORK_HEADER = YES;
				CLANG_WARN_RANGE_LOOP_ANALYSIS = YES;
				CLANG_WARN_STRICT_PROTOTYPES = YES;
				CLANG_WARN_SUSPICIOUS_MOVE = YES;
				CLANG_WARN_UNGUARDED_AVAILABILITY = YES_AGGRESSIVE;
				CLANG_WARN_UNREACHABLE_CODE = YES;
				CLANG_WARN__DUPLICATE_METHOD_MATCH = YES;
				COPY_PHASE_STRIP = NO;
				DEBUG_INFORMATION_FORMAT = dwarf;
				ENABLE_STRICT_OBJC_MSGSEND = YES;
				ENABLE_TESTABILITY = YES;
				ENABLE_USER_SCRIPT_SANDBOXING = YES;
				GCC_C_LANGUAGE_STANDARD = gnu17;
				GCC_DYNAMIC_NO_PIC = NO;
				GCC_NO_COMMON_BLOCKS = YES;
				GCC_OPTIMIZATION_LEVEL = 0;
				GCC_PREPROCESSOR_DEFINITIONS = (
					"DEBUG=1",
					"$(inherited)",
				);
				GCC_WARN_64_TO_32_BIT_CONVERSION = YES;
				GCC_WARN_ABOUT_RETURN_TYPE = YES_ERROR;
				GCC_WARN_UNDECLARED_SELECTOR = YES;
				GCC_WARN_UNINITIALIZED_AUTOS = YES_AGGRESSIVE;
				GCC_WARN_UNUSED_FUNCTION = YES;
				GCC_WARN_UNUSED_VARIABLE = YES;
				LOCALIZATION_PREFERS_STRING_CATALOGS = YES;
				MACOSX_DEPLOYMENT_TARGET = 14.0;
				MTL_ENABLE_DEBUG_INFO = INCLUDE_SOURCE;
				MTL_FAST_MATH = YES;
				ONLY_ACTIVE_ARCH = YES;
				SDKROOT = macosx;
				SWIFT_ACTIVE_COMPILATION_CONDITIONS = "DEBUG $(inherited)";
				SWIFT_OPTIMIZATION_LEVEL = "-Onone";
			};
			name = Debug;
		};
		343DF4AF2FB068A70080BE6F /* Release */ = {
			isa = XCBuildConfiguration;
			buildSettings = {
				ALWAYS_SEARCH_USER_PATHS = NO;
				ASSETCATALOG_COMPILER_GENERATE_SWIFT_ASSET_SYMBOL_EXTENSIONS = YES;
				CLANG_ANALYZER_NONNULL = YES;
				CLANG_ANALYZER_NUMBER_OBJECT_CONVERSION = YES_AGGRESSIVE;
				CLANG_CXX_LANGUAGE_STANDARD = "gnu++20";
				CLANG_ENABLE_MODULES = YES;
				CLANG_ENABLE_OBJC_ARC = YES;
				CLANG_ENABLE_OBJC_WEAK = YES;
				CLANG_WARN_BLOCK_CAPTURE_AUTORELEASING = YES;
				CLANG_WARN_BOOL_CONVERSION = YES;
				CLANG_WARN_COMMA = YES;
				CLANG_WARN_CONSTANT_CONVERSION = YES;
				CLANG_WARN_DEPRECATED_OBJC_IMPLEMENTATIONS = YES;
				CLANG_WARN_DIRECT_OBJC_ISA_USAGE = YES_ERROR;
				CLANG_WARN_DOCUMENTATION_COMMENTS = YES;
				CLANG_WARN_EMPTY_BODY = YES;
				CLANG_WARN_ENUM_CONVERSION = YES;
				CLANG_WARN_INFINITE_RECURSION = YES;
				CLANG_WARN_INT_CONVERSION = YES;
				CLANG_WARN_NON_LITERAL_NULL_CONVERSION = YES;
				CLANG_WARN_OBJC_IMPLICIT_RETAIN_SELF = YES;
				CLANG_WARN_OBJC_LITERAL_CONVERSION = YES;
				CLANG_WARN_OBJC_ROOT_CLASS = YES_ERROR;
				CLANG_WARN_QUOTED_INCLUDE_IN_FRAMEWORK_HEADER = YES;
				CLANG_WARN_RANGE_LOOP_ANALYSIS = YES;
				CLANG_WARN_STRICT_PROTOTYPES = YES;
				CLANG_WARN_SUSPICIOUS_MOVE = YES;
				CLANG_WARN_UNGUARDED_AVAILABILITY = YES_AGGRESSIVE;
				CLANG_WARN_UNREACHABLE_CODE = YES;
				CLANG_WARN__DUPLICATE_METHOD_MATCH = YES;
				COPY_PHASE_STRIP = NO;
				DEBUG_INFORMATION_FORMAT = "dwarf-with-dsym";
				ENABLE_NS_ASSERTIONS = NO;
				ENABLE_STRICT_OBJC_MSGSEND = YES;
				ENABLE_USER_SCRIPT_SANDBOXING = YES;
				GCC_C_LANGUAGE_STANDARD = gnu17;
				GCC_NO_COMMON_BLOCKS = YES;
				GCC_WARN_64_TO_32_BIT_CONVERSION = YES;
				GCC_WARN_ABOUT_RETURN_TYPE = YES_ERROR;
				GCC_WARN_UNDECLARED_SELECTOR = YES;
				GCC_WARN_UNINITIALIZED_AUTOS = YES_AGGRESSIVE;
				GCC_WARN_UNUSED_FUNCTION = YES;
				GCC_WARN_UNUSED_VARIABLE = YES;
				LOCALIZATION_PREFERS_STRING_CATALOGS = YES;
				MACOSX_DEPLOYMENT_TARGET = 14.0;
				MTL_ENABLE_DEBUG_INFO = NO;
				MTL_FAST_MATH = YES;
				SDKROOT = macosx;
				SWIFT_COMPILATION_MODE = wholemodule;
			};
			name = Release;
		};
		343DF4B12FB068A70080BE6F /* Debug */ = {
			isa = XCBuildConfiguration;
			baseConfigurationReference = 343DF4D02FB400000080BE6F /* HisleVersion.xcconfig */;
			buildSettings = {
				ASSETCATALOG_COMPILER_APPICON_NAME = AppIcon;
				CODE_SIGN_STYLE = Automatic;
				COMBINE_HIDPI_IMAGES = YES;
				ENABLE_APP_SANDBOX = NO;
				ENABLE_DEBUG_DYLIB = NO;
				ENABLE_HARDENED_RUNTIME = YES;
				GENERATE_INFOPLIST_FILE = NO;
				INFOPLIST_FILE = hisle/Info.plist;
				INSTALL_PATH = "$(HOME)/Library/Input Methods";
				LD_RUNPATH_SEARCH_PATHS = (
					"$(inherited)",
					"@executable_path/../Frameworks",
				);
				OTHER_CODE_SIGN_FLAGS = "$(inherited) --options runtime";
				PRODUCT_BUNDLE_IDENTIFIER = hooreique.inputmethod.hisle;
				PRODUCT_NAME = "$(TARGET_NAME)";
				STRING_CATALOG_GENERATE_SYMBOLS = YES;
				SWIFT_APPROACHABLE_CONCURRENCY = YES;
				SWIFT_EMIT_LOC_STRINGS = YES;
				SWIFT_UPCOMING_FEATURE_MEMBER_IMPORT_VISIBILITY = YES;
				SWIFT_VERSION = 5.0;
			};
			name = Debug;
		};
		343DF4B22FB068A70080BE6F /* Release */ = {
			isa = XCBuildConfiguration;
			baseConfigurationReference = 343DF4D02FB400000080BE6F /* HisleVersion.xcconfig */;
			buildSettings = {
				ASSETCATALOG_COMPILER_APPICON_NAME = AppIcon;
				CODE_SIGN_INJECT_BASE_ENTITLEMENTS = NO;
				CODE_SIGN_STYLE = Automatic;
				COMBINE_HIDPI_IMAGES = YES;
				ENABLE_APP_SANDBOX = NO;
				ENABLE_DEBUG_DYLIB = NO;
				ENABLE_HARDENED_RUNTIME = YES;
				GENERATE_INFOPLIST_FILE = NO;
				INFOPLIST_FILE = hisle/Info.plist;
				INSTALL_PATH = "$(HOME)/Library/Input Methods";
				LD_RUNPATH_SEARCH_PATHS = (
					"$(inherited)",
					"@executable_path/../Frameworks",
				);
				PRODUCT_BUNDLE_IDENTIFIER = hooreique.inputmethod.hisle;
				PRODUCT_NAME = "$(TARGET_NAME)";
				STRING_CATALOG_GENERATE_SYMBOLS = YES;
				SWIFT_APPROACHABLE_CONCURRENCY = YES;
				SWIFT_EMIT_LOC_STRINGS = YES;
				SWIFT_UPCOMING_FEATURE_MEMBER_IMPORT_VISIBILITY = YES;
				SWIFT_VERSION = 5.0;
			};
			name = Release;
		};
		343DF4C62FB300000080BE6F /* Debug */ = {
			isa = XCBuildConfiguration;
			baseConfigurationReference = 343DF4D02FB400000080BE6F /* HisleVersion.xcconfig */;
			buildSettings = {
				CODE_SIGN_STYLE = Automatic;
				CREATE_INFOPLIST_SECTION_IN_BINARY = YES;
				ENABLE_DEBUG_DYLIB = NO;
				ENABLE_HARDENED_RUNTIME = YES;
				GENERATE_INFOPLIST_FILE = YES;
				INFOPLIST_KEY_CFBundleDisplayName = hisle;
				INFOPLIST_KEY_NSHumanReadableCopyright = "";
				LD_RUNPATH_SEARCH_PATHS = (
					"$(inherited)",
					"@executable_path",
					"@executable_path/../Frameworks",
				);
				OTHER_CODE_SIGN_FLAGS = "$(inherited) --options runtime";
				PRODUCT_BUNDLE_IDENTIFIER = hooreique.inputmethod.hisle.cli;
				PRODUCT_MODULE_NAME = HisleCLI;
				PRODUCT_NAME = hisle;
				STRING_CATALOG_GENERATE_SYMBOLS = YES;
				SWIFT_APPROACHABLE_CONCURRENCY = YES;
				SWIFT_EMIT_LOC_STRINGS = YES;
				SWIFT_UPCOMING_FEATURE_MEMBER_IMPORT_VISIBILITY = YES;
				SWIFT_VERSION = 5.0;
			};
			name = Debug;
		};
		343DF4C72FB300000080BE6F /* Release */ = {
			isa = XCBuildConfiguration;
			baseConfigurationReference = 343DF4D02FB400000080BE6F /* HisleVersion.xcconfig */;
			buildSettings = {
				CODE_SIGN_INJECT_BASE_ENTITLEMENTS = NO;
				CODE_SIGN_STYLE = Automatic;
				CREATE_INFOPLIST_SECTION_IN_BINARY = YES;
				ENABLE_DEBUG_DYLIB = NO;
				ENABLE_HARDENED_RUNTIME = YES;
				GENERATE_INFOPLIST_FILE = YES;
				INFOPLIST_KEY_CFBundleDisplayName = hisle;
				INFOPLIST_KEY_NSHumanReadableCopyright = "";
				LD_RUNPATH_SEARCH_PATHS = (
					"$(inherited)",
					"@executable_path",
					"@executable_path/../Frameworks",
				);
				PRODUCT_BUNDLE_IDENTIFIER = hooreique.inputmethod.hisle.cli;
				PRODUCT_MODULE_NAME = HisleCLI;
				PRODUCT_NAME = hisle;
				STRING_CATALOG_GENERATE_SYMBOLS = YES;
				SWIFT_APPROACHABLE_CONCURRENCY = YES;
				SWIFT_EMIT_LOC_STRINGS = YES;
				SWIFT_UPCOMING_FEATURE_MEMBER_IMPORT_VISIBILITY = YES;
				SWIFT_VERSION = 5.0;
			};
			name = Release;
		};
/* End XCBuildConfiguration section */

/* Begin XCConfigurationList section */
		343DF49D2FB068A60080BE6F /* Build configuration list for PBXProject "hisle" */ = {
			isa = XCConfigurationList;
			buildConfigurations = (
				343DF4AE2FB068A70080BE6F /* Debug */,
				343DF4AF2FB068A70080BE6F /* Release */,
			);
			defaultConfigurationIsVisible = 0;
			defaultConfigurationName = Release;
		};
		343DF4B02FB068A70080BE6F /* Build configuration list for PBXNativeTarget "hisle" */ = {
			isa = XCConfigurationList;
			buildConfigurations = (
				343DF4B12FB068A70080BE6F /* Debug */,
				343DF4B22FB068A70080BE6F /* Release */,
			);
			defaultConfigurationIsVisible = 0;
			defaultConfigurationName = Release;
		};
		343DF4C82FB300000080BE6F /* Build configuration list for PBXNativeTarget "hisle-cli" */ = {
			isa = XCConfigurationList;
			buildConfigurations = (
				343DF4C62FB300000080BE6F /* Debug */,
				343DF4C72FB300000080BE6F /* Release */,
			);
			defaultConfigurationIsVisible = 0;
			defaultConfigurationName = Release;
		};
/* End XCConfigurationList section */

/* Begin XCLocalSwiftPackageReference section */
		343DF4B82FB200000080BE6F /* XCLocalSwiftPackageReference "hisle-core" */ = {
			isa = XCLocalSwiftPackageReference;
			relativePath = "hisle-core";
		};
/* End XCLocalSwiftPackageReference section */

/* Begin XCSwiftPackageProductDependency section */
		343DF4B92FB200000080BE6F /* HisleCore */ = {
			isa = XCSwiftPackageProductDependency;
			package = 343DF4B82FB200000080BE6F /* XCLocalSwiftPackageReference "hisle-core" */;
			productName = HisleCore;
		};
/* End XCSwiftPackageProductDependency section */
	};
	rootObject = 343DF49A2FB068A60080BE6F /* Project object */;
}
